
Microsoft Visual Studio Solution File, Format Version 12.00
# Visual Studio Version 17
VisualStudioVersion = 17.8.34525.116
MinimumVisualStudioVersion = 10.0.40219.1
Project("{FAE04EC0-301F-11D3-BF4B-00C04F79EFBC}") = "TY.Core", "TY.Core\TY.Core.csproj", "{4CC7B2EB-DD72-42F5-BF88-B91C1D48B6A6}"
EndProject
Project("{FAE04EC0-301F-11D3-BF4B-00C04F79EFBC}") = "TY.Demo", "TY.Demo\TY.Demo.csproj", "{4DE1B653-3C5C-4DBF-8055-78FD8CC0DA13}"
EndProject
Project("{FAE04EC0-301F-11D3-BF4B-00C04F79EFBC}") = "TY.App", "TY.App\TY.App.csproj", "{9CA9C42D-B4E7-4F09-A3EA-9CA92B636E21}"
EndProject
Project("{FAE04EC0-301F-11D3-BF4B-00C04F79EFBC}") = "TY.Network", "TY.Network\TY.Network.csproj", "{102F22D3-F409-4D6B-911E-7821DA8111C1}"
EndProject
Project("{FAE04EC0-301F-11D3-BF4B-00C04F79EFBC}") = "TY.Client", "TY.Client\TY.Client.csproj", "{AACBF4D6-4BCE-4ED5-ADEC-ED88A37E5942}"
EndProject
Project("{FAE04EC0-301F-11D3-BF4B-00C04F79EFBC}") = "TY.SourceGenerator", "TY.SourceGenerator\TY.SourceGenerator.csproj", "{22E05298-27FA-4CFE-BE2C-074CC73C561B}"
EndProject
Global
	GlobalSection(SolutionConfigurationPlatforms) = preSolution
		Debug|Any CPU = Debug|Any CPU
		Release|Any CPU = Release|Any CPU
	EndGlobalSection
	GlobalSection(ProjectConfigurationPlatforms) = postSolution
		{4CC7B2EB-DD72-42F5-BF88-B91C1D48B6A6}.Debug|Any CPU.ActiveCfg = Debug|Any CPU
		{4CC7B2EB-DD72-42F5-BF88-B91C1D48B6A6}.Debug|Any CPU.Build.0 = Debug|Any CPU
		{4CC7B2EB-DD72-42F5-BF88-B91C1D48B6A6}.Release|Any CPU.ActiveCfg = Release|Any CPU
		{4CC7B2EB-DD72-42F5-BF88-B91C1D48B6A6}.Release|Any CPU.Build.0 = Release|Any CPU
		{4DE1B653-3C5C-4DBF-8055-78FD8CC0DA13}.Debug|Any CPU.ActiveCfg = Debug|Any CPU
		{4DE1B653-3C5C-4DBF-8055-78FD8CC0DA13}.Debug|Any CPU.Build.0 = Debug|Any CPU
		{4DE1B653-3C5C-4DBF-8055-78FD8CC0DA13}.Release|Any CPU.ActiveCfg = Release|Any CPU
		{4DE1B653-3C5C-4DBF-8055-78FD8CC0DA13}.Release|Any CPU.Build.0 = Release|Any CPU
		{9CA9C42D-B4E7-4F09-A3EA-9CA92B636E21}.Debug|Any CPU.ActiveCfg = Debug|Any CPU
		{9CA9C42D-B4E7-4F09-A3EA-9CA92B636E21}.Debug|Any CPU.Build.0 = Debug|Any CPU
		{9CA9C42D-B4E7-4F09-A3EA-9CA92B636E21}.Release|Any CPU.ActiveCfg = Release|Any CPU
		{9CA9C42D-B4E7-4F09-A3EA-9CA92B636E21}.Release|Any CPU.Build.0 = Release|Any CPU
		{102F22D3-F409-4D6B-911E-7821DA8111C1}.Debug|Any CPU.ActiveCfg = Debug|Any CPU
		{102F22D3-F409-4D6B-911E-7821DA8111C1}.Debug|Any CPU.Build.0 = Debug|Any CPU
		{102F22D3-F409-4D6B-911E-7821DA8111C1}.Release|Any CPU.ActiveCfg = Release|Any CPU
		{102F22D3-F409-4D6B-911E-7821DA8111C1}.Release|Any CPU.Build.0 = Release|Any CPU
		{AACBF4D6-4BCE-4ED5-ADEC-ED88A37E5942}.Debug|Any CPU.ActiveCfg = Debug|Any CPU
		{AACBF4D6-4BCE-4ED5-ADEC-ED88A37E5942}.Debug|Any CPU.Build.0 = Debug|Any CPU
		{AACBF4D6-4BCE-4ED5-ADEC-ED88A37E5942}.Release|Any CPU.ActiveCfg = Release|Any CPU
		{AACBF4D6-4BCE-4ED5-ADEC-ED88A37E5942}.Release|Any CPU.Build.0 = Release|Any CPU
		{22E05298-27FA-4CFE-BE2C-074CC73C561B}.Debug|Any CPU.ActiveCfg = Debug|Any CPU
		{22E05298-27FA-4CFE-BE2C-074CC73C561B}.Debug|Any CPU.Build.0 = Debug|Any CPU
		{22E05298-27FA-4CFE-BE2C-074CC73C561B}.Release|Any CPU.ActiveCfg = Release|Any CPU
		{22E05298-27FA-4CFE-BE2C-074CC73C561B}.Release|Any CPU.Build.0 = Release|Any CPU
	EndGlobalSection
	GlobalSection(SolutionProperties) = preSolution
		HideSolutionNode = FALSE
	EndGlobalSection
	GlobalSection(ExtensibilityGlobals) = postSolution
		SolutionGuid = {E195AB9E-1919-41F9-8C60-41A553B1176D}
	EndGlobalSection
EndGlobal
